
Microsoft Visual Studio Solution File, Format Version 12.00
# Visual Studio Version 17
VisualStudioVersion = 17.4.33213.308
MinimumVisualStudioVersion = 10.0.40219.1
Project("{FAE04EC0-301F-11D3-BF4B-00C04F79EFBC}") = "ErsteBeispiele", "ErsteBeispiele\ErsteBeispiele.csproj", "{011CE513-55E4-44C6-88EA-85852CCA5648}"
EndProject
Global
	GlobalSection(SolutionConfigurationPlatforms) = preSolution
		Debug|Any CPU = Debug|Any CPU
		Release|Any CPU = Release|Any CPU
	EndGlobalSection
	GlobalSection(ProjectConfigurationPlatforms) = postSolution
		{011CE513-55E4-44C6-88EA-85852CCA5648}.Debug|Any CPU.ActiveCfg = Debug|Any CPU
		{011CE513-55E4-44C6-88EA-85852CCA5648}.Debug|Any CPU.Build.0 = Debug|Any CPU
		{011CE513-55E4-44C6-88EA-85852CCA5648}.Release|Any CPU.ActiveCfg = Release|Any CPU
		{011CE513-55E4-44C6-88EA-85852CCA5648}.Release|Any CPU.Build.0 = Release|Any CPU
	EndGlobalSection
	GlobalSection(SolutionProperties) = preSolution
		HideSolutionNode = FALSE
	EndGlobalSection
	GlobalSection(ExtensibilityGlobals) = postSolution
		SolutionGuid = {2AA05742-9B93-4180-8E56-778A75B6856E}
	EndGlobalSection
EndGlobal
